
Microsoft Visual Studio Solution File, Format Version 12.00
# Visual Studio Version 17
VisualStudioVersion = 17.7.34031.279
MinimumVisualStudioVersion = 10.0.40219.1
Project("{FAE04EC0-301F-11D3-BF4B-00C04F79EFBC}") = "NewWinFormsLib", "NewWinFormsLib\NewWinFormsLib.csproj", "{F8BDBB30-DC7F-4175-ADC3-4655F5E8941B}"
EndProject
Global
	GlobalSection(SolutionConfigurationPlatforms) = preSolution
		Debug|Any CPU = Debug|Any CPU
		Release|Any CPU = Release|Any CPU
	EndGlobalSection
	GlobalSection(ProjectConfigurationPlatforms) = postSolution
		{F8BDBB30-DC7F-4175-ADC3-4655F5E8941B}.Debug|Any CPU.ActiveCfg = Debug|Any CPU
		{F8BDBB30-DC7F-4175-ADC3-4655F5E8941B}.Debug|Any CPU.Build.0 = Debug|Any CPU
		{F8BDBB30-DC7F-4175-ADC3-4655F5E8941B}.Release|Any CPU.ActiveCfg = Release|Any CPU
		{F8BDBB30-DC7F-4175-ADC3-4655F5E8941B}.Release|Any CPU.Build.0 = Release|Any CPU
	EndGlobalSection
	GlobalSection(SolutionProperties) = preSolution
		HideSolutionNode = FALSE
	EndGlobalSection
	GlobalSection(ExtensibilityGlobals) = postSolution
		SolutionGuid = {964E4714-8B4C-425B-A756-300A24F902E3}
	EndGlobalSection
EndGlobal
